
Microsoft Visual Studio Solution File, Format Version 12.00
# Visual Studio Version 17
VisualStudioVersion = 17.11.35327.3
MinimumVisualStudioVersion = 10.0.40219.1
Project("{FAE04EC0-301F-11D3-BF4B-00C04F79EFBC}") = "Wpf_Study01", "Wpf_Study01.csproj", "{673C364B-266C-4446-8FE4-E0A7E64D7213}"
EndProject
Global
	GlobalSection(SolutionConfigurationPlatforms) = preSolution
		Debug|Any CPU = Debug|Any CPU
		Release|Any CPU = Release|Any CPU
	EndGlobalSection
	GlobalSection(ProjectConfigurationPlatforms) = postSolution
		{673C364B-266C-4446-8FE4-E0A7E64D7213}.Debug|Any CPU.ActiveCfg = Debug|Any CPU
		{673C364B-266C-4446-8FE4-E0A7E64D7213}.Debug|Any CPU.Build.0 = Debug|Any CPU
		{673C364B-266C-4446-8FE4-E0A7E64D7213}.Release|Any CPU.ActiveCfg = Release|Any CPU
		{673C364B-266C-4446-8FE4-E0A7E64D7213}.Release|Any CPU.Build.0 = Release|Any CPU
	EndGlobalSection
	GlobalSection(SolutionProperties) = preSolution
		HideSolutionNode = FALSE
	EndGlobalSection
	GlobalSection(ExtensibilityGlobals) = postSolution
		SolutionGuid = {AF395C59-8697-42E3-BBAE-05A3C148E316}
	EndGlobalSection
EndGlobal
