
Microsoft Visual Studio Solution File, Format Version 12.00
# Visual Studio Version 17
VisualStudioVersion = 17.11.35327.3
MinimumVisualStudioVersion = 10.0.40219.1
Project("{FAE04EC0-301F-11D3-BF4B-00C04F79EFBC}") = "SpeechTest", "SpeechTest.csproj", "{721C7A40-2C25-4370-8897-54CD4176DF17}"
EndProject
Global
	GlobalSection(SolutionConfigurationPlatforms) = preSolution
		Debug|Any CPU = Debug|Any CPU
		Release|Any CPU = Release|Any CPU
	EndGlobalSection
	GlobalSection(ProjectConfigurationPlatforms) = postSolution
		{721C7A40-2C25-4370-8897-54CD4176DF17}.Debug|Any CPU.ActiveCfg = Debug|Any CPU
		{721C7A40-2C25-4370-8897-54CD4176DF17}.Debug|Any CPU.Build.0 = Debug|Any CPU
		{721C7A40-2C25-4370-8897-54CD4176DF17}.Release|Any CPU.ActiveCfg = Release|Any CPU
		{721C7A40-2C25-4370-8897-54CD4176DF17}.Release|Any CPU.Build.0 = Release|Any CPU
	EndGlobalSection
	GlobalSection(SolutionProperties) = preSolution
		HideSolutionNode = FALSE
	EndGlobalSection
	GlobalSection(ExtensibilityGlobals) = postSolution
		SolutionGuid = {C5F049CB-1A96-4AB3-B8AD-C5A18D52BD0C}
	EndGlobalSection
EndGlobal
